
Microsoft Visual Studio Solution File, Format Version 12.00
# Visual Studio Version 17
VisualStudioVersion = 17.9.34728.123
MinimumVisualStudioVersion = 10.0.40219.1
Project("{FAE04EC0-301F-11D3-BF4B-00C04F79EFBC}") = "Asp.net-intro-Homework", "Asp.net-intro-Homework\Asp.net-intro-Homework.csproj", "{0C5065FC-5BB5-48C3-89C7-98E0A58EE588}"
EndProject
Global
	GlobalSection(SolutionConfigurationPlatforms) = preSolution
		Debug|Any CPU = Debug|Any CPU
		Release|Any CPU = Release|Any CPU
	EndGlobalSection
	GlobalSection(ProjectConfigurationPlatforms) = postSolution
		{0C5065FC-5BB5-48C3-89C7-98E0A58EE588}.Debug|Any CPU.ActiveCfg = Debug|Any CPU
		{0C5065FC-5BB5-48C3-89C7-98E0A58EE588}.Debug|Any CPU.Build.0 = Debug|Any CPU
		{0C5065FC-5BB5-48C3-89C7-98E0A58EE588}.Release|Any CPU.ActiveCfg = Release|Any CPU
		{0C5065FC-5BB5-48C3-89C7-98E0A58EE588}.Release|Any CPU.Build.0 = Release|Any CPU
	EndGlobalSection
	GlobalSection(SolutionProperties) = preSolution
		HideSolutionNode = FALSE
	EndGlobalSection
	GlobalSection(ExtensibilityGlobals) = postSolution
		SolutionGuid = {4D282697-775D-46F8-A317-53D3A726BC6C}
	EndGlobalSection
EndGlobal
